
Microsoft Visual Studio Solution File, Format Version 12.00
# Visual Studio Version 16
VisualStudioVersion = 16.0.31729.503
MinimumVisualStudioVersion = 10.0.40219.1
Project("{FAE04EC0-301F-11D3-BF4B-00C04F79EFBC}") = "AS_asgn_202663R_v1", "AS_asgn_202663R_v1\AS_asgn_202663R_v1.csproj", "{BBBE0A8D-090A-487A-B02B-ABCA95B9CA01}"
EndProject
Global
	GlobalSection(SolutionConfigurationPlatforms) = preSolution
		Debug|Any CPU = Debug|Any CPU
		Release|Any CPU = Release|Any CPU
	EndGlobalSection
	GlobalSection(ProjectConfigurationPlatforms) = postSolution
		{BBBE0A8D-090A-487A-B02B-ABCA95B9CA01}.Debug|Any CPU.ActiveCfg = Debug|Any CPU
		{BBBE0A8D-090A-487A-B02B-ABCA95B9CA01}.Debug|Any CPU.Build.0 = Debug|Any CPU
		{BBBE0A8D-090A-487A-B02B-ABCA95B9CA01}.Release|Any CPU.ActiveCfg = Release|Any CPU
		{BBBE0A8D-090A-487A-B02B-ABCA95B9CA01}.Release|Any CPU.Build.0 = Release|Any CPU
	EndGlobalSection
	GlobalSection(SolutionProperties) = preSolution
		HideSolutionNode = FALSE
	EndGlobalSection
	GlobalSection(ExtensibilityGlobals) = postSolution
		SolutionGuid = {CF18E4B2-6DFA-4BC6-94B5-511EE5D25A4D}
	EndGlobalSection
EndGlobal
